
Microsoft Visual Studio Solution File, Format Version 12.00
# Visual Studio Version 16
VisualStudioVersion = 25.0.1706.7
MinimumVisualStudioVersion = 10.0.40219.1
Project("{FAE04EC0-301F-11D3-BF4B-00C04F79EFBC}") = "SHA512App", "SHA512App\SHA512App.csproj", "{4DC93101-1B69-43DC-A509-BD96ADF05CCE}"
EndProject
Global
	GlobalSection(SolutionConfigurationPlatforms) = preSolution
		Debug|Any CPU = Debug|Any CPU
		Release|Any CPU = Release|Any CPU
	EndGlobalSection
	GlobalSection(ProjectConfigurationPlatforms) = postSolution
		{4DC93101-1B69-43DC-A509-BD96ADF05CCE}.Debug|Any CPU.ActiveCfg = Debug|Any CPU
		{4DC93101-1B69-43DC-A509-BD96ADF05CCE}.Debug|Any CPU.Build.0 = Debug|Any CPU
		{4DC93101-1B69-43DC-A509-BD96ADF05CCE}.Release|Any CPU.ActiveCfg = Release|Any CPU
		{4DC93101-1B69-43DC-A509-BD96ADF05CCE}.Release|Any CPU.Build.0 = Release|Any CPU
	EndGlobalSection
	GlobalSection(SolutionProperties) = preSolution
		HideSolutionNode = FALSE
	EndGlobalSection
	GlobalSection(ExtensibilityGlobals) = postSolution
		SolutionGuid = {706F481B-EED8-4DD0-A10F-EFB7AD049AC5}
	EndGlobalSection
EndGlobal
